
Microsoft Visual Studio Solution File, Format Version 12.00
# Visual Studio Version 17
VisualStudioVersion = 17.14.36408.4
MinimumVisualStudioVersion = 10.0.40219.1
Project("{8BC9CEB8-8B4A-11D0-8D11-00A0C91BC942}") = "Step1_Win32ToMFC", "Step1_Win32ToMFC\Step1_Win32ToMFC.vcxproj", "{84A83B36-B76A-41BF-A927-3D88DDC012CE}"
EndProject
Project("{8BC9CEB8-8B4A-11D0-8D11-00A0C91BC942}") = "Step2_Adder", "Step2_Adder\Adder\Adder.vcxproj", "{B4C5D55F-2308-2002-D915-509E05E390BF}"
EndProject
Project("{8BC9CEB8-8B4A-11D0-8D11-00A0C91BC942}") = "Step3_PropertyPage", "Step3_PropertyPage\Step3_PropertyPage.vcxproj", "{5D78DB4C-122F-DA32-14F2-89D33354AA05}"
EndProject
Project("{8BC9CEB8-8B4A-11D0-8D11-00A0C91BC942}") = "Step4_Wizard", "Step4_PropertyPage\Step4_PropertyPage\Step4_PropertyPage.vcxproj", "{6EA78AC7-437E-6773-B9AB-B7BE4C629FF6}"
EndProject
Project("{8BC9CEB8-8B4A-11D0-8D11-00A0C91BC942}") = "Step5_FileDialog", "Step5_FileDialog\Step5_FileDialog\Step5_FileDialog.vcxproj", "{994EDB85-715B-6C4B-8ED5-742531860E36}"
EndProject
Project("{8BC9CEB8-8B4A-11D0-8D11-00A0C91BC942}") = "Step6_ColorDialog", "Step6_ColorDialog\Step6_ColorDialog\Step6_ColorDialog.vcxproj", "{A248D5E2-C0E8-3051-5F98-C4214CD23562}"
EndProject
Project("{8BC9CEB8-8B4A-11D0-8D11-00A0C91BC942}") = "Step7_Widgets", "Step7_Widgets\Step7_Widgets\Step7_Widgets.vcxproj", "{6DA212B2-065E-E180-9320-85EF8908FFE3}"
EndProject
Project("{8BC9CEB8-8B4A-11D0-8D11-00A0C91BC942}") = "Step8_MFCMenu", "Step8_MFCMenu\Step8_MFCMenu\Step8_MFCMenu.vcxproj", "{E1C8787B-7F96-4708-AB50-4795D2C067C9}"
EndProject
Project("{8BC9CEB8-8B4A-11D0-8D11-00A0C91BC942}") = "Step9_MFCToolbar", "Step9_MFCToolbar\Step9_MFCToolbar\Step9_MFCToolbar.vcxproj", "{2FDEB8C9-29CA-47A3-89CD-E494DD7CFC60}"
EndProject
Project("{8BC9CEB8-8B4A-11D0-8D11-00A0C91BC942}") = "Step10_RuntimeType", "Step10_RuntimeType\Step10_RuntimeType\Step10_RuntimeType.vcxproj", "{EB032093-CA66-46D3-B095-96CD9555AE2F}"
EndProject
Project("{8BC9CEB8-8B4A-11D0-8D11-00A0C91BC942}") = "Step11_MFCView", "Step11_MFCView\Step11_MFCView\Step11_MFCView.vcxproj", "{834C34D1-64D1-4912-A2D6-2ED4CD70F8C0}"
EndProject
Project("{8BC9CEB8-8B4A-11D0-8D11-00A0C91BC942}") = "Step12_MFCDoc", "Step12_MFCDoc\Step12_MFCDoc\Step12_MFCDoc.vcxproj", "{0FA007AB-1F39-4715-BB16-F637120FBDDC}"
EndProject
Project("{8BC9CEB8-8B4A-11D0-8D11-00A0C91BC942}") = "Step13_MFCSDI", "Step13_MFCSDI\Step13_MFCSDI\Step13_MFCSDI.vcxproj", "{FCDA2372-66E9-4920-A451-0D18E19F3ABC}"
EndProject
Project("{8BC9CEB8-8B4A-11D0-8D11-00A0C91BC942}") = "Step14_MFCMDI", "Step14_MFCMDI\Step14_MFCMDI\Step14_MFCMDI.vcxproj", "{D93EC41C-73FE-4E9B-8667-5A75CDC79208}"
EndProject
Project("{8BC9CEB8-8B4A-11D0-8D11-00A0C91BC942}") = "Step15_Control", "Step15_Control\Step15_Control\Step15_Control.vcxproj", "{E96ED14E-5BE6-2BD8-8E16-9787177646CA}"
EndProject
Project("{8BC9CEB8-8B4A-11D0-8D11-00A0C91BC942}") = "Step16_FileFindClass", "Step16_FileFindClass\Step16_FileFindClass\Step16_FileFindClass.vcxproj", "{A3EA8ECB-366A-4648-AA2B-FA5E5880C6C0}"
EndProject
Project("{8BC9CEB8-8B4A-11D0-8D11-00A0C91BC942}") = "Step10_RuntimeCreate", "Step10_RuntimeCreate\Step10_RuntimeCreate.vcxproj", "{64DE7C5E-900A-4EDD-8899-78164F7334FA}"
EndProject
Global
	GlobalSection(SolutionConfigurationPlatforms) = preSolution
		Debug|x64 = Debug|x64
		Debug|x86 = Debug|x86
		Release|x64 = Release|x64
		Release|x86 = Release|x86
	EndGlobalSection
	GlobalSection(ProjectConfigurationPlatforms) = postSolution
		{84A83B36-B76A-41BF-A927-3D88DDC012CE}.Debug|x64.ActiveCfg = Debug|x64
		{84A83B36-B76A-41BF-A927-3D88DDC012CE}.Debug|x64.Build.0 = Debug|x64
		{84A83B36-B76A-41BF-A927-3D88DDC012CE}.Debug|x86.ActiveCfg = Debug|Win32
		{84A83B36-B76A-41BF-A927-3D88DDC012CE}.Debug|x86.Build.0 = Debug|Win32
		{84A83B36-B76A-41BF-A927-3D88DDC012CE}.Release|x64.ActiveCfg = Release|x64
		{84A83B36-B76A-41BF-A927-3D88DDC012CE}.Release|x64.Build.0 = Release|x64
		{84A83B36-B76A-41BF-A927-3D88DDC012CE}.Release|x86.ActiveCfg = Release|Win32
		{84A83B36-B76A-41BF-A927-3D88DDC012CE}.Release|x86.Build.0 = Release|Win32
		{B4C5D55F-2308-2002-D915-509E05E390BF}.Debug|x64.ActiveCfg = Debug|x64
		{B4C5D55F-2308-2002-D915-509E05E390BF}.Debug|x64.Build.0 = Debug|x64
		{B4C5D55F-2308-2002-D915-509E05E390BF}.Debug|x86.ActiveCfg = Debug|Win32
		{B4C5D55F-2308-2002-D915-509E05E390BF}.Debug|x86.Build.0 = Debug|Win32
		{B4C5D55F-2308-2002-D915-509E05E390BF}.Release|x64.ActiveCfg = Release|x64
		{B4C5D55F-2308-2002-D915-509E05E390BF}.Release|x64.Build.0 = Release|x64
		{B4C5D55F-2308-2002-D915-509E05E390BF}.Release|x86.ActiveCfg = Release|Win32
		{B4C5D55F-2308-2002-D915-509E05E390BF}.Release|x86.Build.0 = Release|Win32
		{5D78DB4C-122F-DA32-14F2-89D33354AA05}.Debug|x64.ActiveCfg = Debug|x64
		{5D78DB4C-122F-DA32-14F2-89D33354AA05}.Debug|x64.Build.0 = Debug|x64
		{5D78DB4C-122F-DA32-14F2-89D33354AA05}.Debug|x86.ActiveCfg = Debug|Win32
		{5D78DB4C-122F-DA32-14F2-89D33354AA05}.Debug|x86.Build.0 = Debug|Win32
		{5D78DB4C-122F-DA32-14F2-89D33354AA05}.Release|x64.ActiveCfg = Release|x64
		{5D78DB4C-122F-DA32-14F2-89D33354AA05}.Release|x64.Build.0 = Release|x64
		{5D78DB4C-122F-DA32-14F2-89D33354AA05}.Release|x86.ActiveCfg = Release|Win32
		{5D78DB4C-122F-DA32-14F2-89D33354AA05}.Release|x86.Build.0 = Release|Win32
		{6EA78AC7-437E-6773-B9AB-B7BE4C629FF6}.Debug|x64.ActiveCfg = Debug|x64
		{6EA78AC7-437E-6773-B9AB-B7BE4C629FF6}.Debug|x64.Build.0 = Debug|x64
		{6EA78AC7-437E-6773-B9AB-B7BE4C629FF6}.Debug|x86.ActiveCfg = Debug|Win32
		{6EA78AC7-437E-6773-B9AB-B7BE4C629FF6}.Debug|x86.Build.0 = Debug|Win32
		{6EA78AC7-437E-6773-B9AB-B7BE4C629FF6}.Release|x64.ActiveCfg = Release|x64
		{6EA78AC7-437E-6773-B9AB-B7BE4C629FF6}.Release|x64.Build.0 = Release|x64
		{6EA78AC7-437E-6773-B9AB-B7BE4C629FF6}.Release|x86.ActiveCfg = Release|Win32
		{6EA78AC7-437E-6773-B9AB-B7BE4C629FF6}.Release|x86.Build.0 = Release|Win32
		{994EDB85-715B-6C4B-8ED5-742531860E36}.Debug|x64.ActiveCfg = Debug|x64
		{994EDB85-715B-6C4B-8ED5-742531860E36}.Debug|x64.Build.0 = Debug|x64
		{994EDB85-715B-6C4B-8ED5-742531860E36}.Debug|x86.ActiveCfg = Debug|Win32
		{994EDB85-715B-6C4B-8ED5-742531860E36}.Debug|x86.Build.0 = Debug|Win32
		{994EDB85-715B-6C4B-8ED5-742531860E36}.Release|x64.ActiveCfg = Release|x64
		{994EDB85-715B-6C4B-8ED5-742531860E36}.Release|x64.Build.0 = Release|x64
		{994EDB85-715B-6C4B-8ED5-742531860E36}.Release|x86.ActiveCfg = Release|Win32
		{994EDB85-715B-6C4B-8ED5-742531860E36}.Release|x86.Build.0 = Release|Win32
		{A248D5E2-C0E8-3051-5F98-C4214CD23562}.Debug|x64.ActiveCfg = Debug|x64
		{A248D5E2-C0E8-3051-5F98-C4214CD23562}.Debug|x64.Build.0 = Debug|x64
		{A248D5E2-C0E8-3051-5F98-C4214CD23562}.Debug|x86.ActiveCfg = Debug|Win32
		{A248D5E2-C0E8-3051-5F98-C4214CD23562}.Debug|x86.Build.0 = Debug|Win32
		{A248D5E2-C0E8-3051-5F98-C4214CD23562}.Release|x64.ActiveCfg = Release|x64
		{A248D5E2-C0E8-3051-5F98-C4214CD23562}.Release|x64.Build.0 = Release|x64
		{A248D5E2-C0E8-3051-5F98-C4214CD23562}.Release|x86.ActiveCfg = Release|Win32
		{A248D5E2-C0E8-3051-5F98-C4214CD23562}.Release|x86.Build.0 = Release|Win32
		{6DA212B2-065E-E180-9320-85EF8908FFE3}.Debug|x64.ActiveCfg = Debug|x64
		{6DA212B2-065E-E180-9320-85EF8908FFE3}.Debug|x64.Build.0 = Debug|x64
		{6DA212B2-065E-E180-9320-85EF8908FFE3}.Debug|x86.ActiveCfg = Debug|Win32
		{6DA212B2-065E-E180-9320-85EF8908FFE3}.Debug|x86.Build.0 = Debug|Win32
		{6DA212B2-065E-E180-9320-85EF8908FFE3}.Release|x64.ActiveCfg = Release|x64
		{6DA212B2-065E-E180-9320-85EF8908FFE3}.Release|x64.Build.0 = Release|x64
		{6DA212B2-065E-E180-9320-85EF8908FFE3}.Release|x86.ActiveCfg = Release|Win32
		{6DA212B2-065E-E180-9320-85EF8908FFE3}.Release|x86.Build.0 = Release|Win32
		{E1C8787B-7F96-4708-AB50-4795D2C067C9}.Debug|x64.ActiveCfg = Debug|x64
		{E1C8787B-7F96-4708-AB50-4795D2C067C9}.Debug|x64.Build.0 = Debug|x64
		{E1C8787B-7F96-4708-AB50-4795D2C067C9}.Debug|x86.ActiveCfg = Debug|Win32
		{E1C8787B-7F96-4708-AB50-4795D2C067C9}.Debug|x86.Build.0 = Debug|Win32
		{E1C8787B-7F96-4708-AB50-4795D2C067C9}.Release|x64.ActiveCfg = Release|x64
		{E1C8787B-7F96-4708-AB50-4795D2C067C9}.Release|x64.Build.0 = Release|x64
		{E1C8787B-7F96-4708-AB50-4795D2C067C9}.Release|x86.ActiveCfg = Release|Win32
		{E1C8787B-7F96-4708-AB50-4795D2C067C9}.Release|x86.Build.0 = Release|Win32
		{2FDEB8C9-29CA-47A3-89CD-E494DD7CFC60}.Debug|x64.ActiveCfg = Debug|x64
		{2FDEB8C9-29CA-47A3-89CD-E494DD7CFC60}.Debug|x64.Build.0 = Debug|x64
		{2FDEB8C9-29CA-47A3-89CD-E494DD7CFC60}.Debug|x86.ActiveCfg = Debug|Win32
		{2FDEB8C9-29CA-47A3-89CD-E494DD7CFC60}.Debug|x86.Build.0 = Debug|Win32
		{2FDEB8C9-29CA-47A3-89CD-E494DD7CFC60}.Release|x64.ActiveCfg = Release|x64
		{2FDEB8C9-29CA-47A3-89CD-E494DD7CFC60}.Release|x64.Build.0 = Release|x64
		{2FDEB8C9-29CA-47A3-89CD-E494DD7CFC60}.Release|x86.ActiveCfg = Release|Win32
		{2FDEB8C9-29CA-47A3-89CD-E494DD7CFC60}.Release|x86.Build.0 = Release|Win32
		{EB032093-CA66-46D3-B095-96CD9555AE2F}.Debug|x64.ActiveCfg = Debug|x64
		{EB032093-CA66-46D3-B095-96CD9555AE2F}.Debug|x64.Build.0 = Debug|x64
		{EB032093-CA66-46D3-B095-96CD9555AE2F}.Debug|x86.ActiveCfg = Debug|Win32
		{EB032093-CA66-46D3-B095-96CD9555AE2F}.Debug|x86.Build.0 = Debug|Win32
		{EB032093-CA66-46D3-B095-96CD9555AE2F}.Release|x64.ActiveCfg = Release|x64
		{EB032093-CA66-46D3-B095-96CD9555AE2F}.Release|x64.Build.0 = Release|x64
		{EB032093-CA66-46D3-B095-96CD9555AE2F}.Release|x86.ActiveCfg = Release|Win32
		{EB032093-CA66-46D3-B095-96CD9555AE2F}.Release|x86.Build.0 = Release|Win32
		{834C34D1-64D1-4912-A2D6-2ED4CD70F8C0}.Debug|x64.ActiveCfg = Debug|x64
		{834C34D1-64D1-4912-A2D6-2ED4CD70F8C0}.Debug|x64.Build.0 = Debug|x64
		{834C34D1-64D1-4912-A2D6-2ED4CD70F8C0}.Debug|x86.ActiveCfg = Debug|Win32
		{834C34D1-64D1-4912-A2D6-2ED4CD70F8C0}.Debug|x86.Build.0 = Debug|Win32
		{834C34D1-64D1-4912-A2D6-2ED4CD70F8C0}.Release|x64.ActiveCfg = Release|x64
		{834C34D1-64D1-4912-A2D6-2ED4CD70F8C0}.Release|x64.Build.0 = Release|x64
		{834C34D1-64D1-4912-A2D6-2ED4CD70F8C0}.Release|x86.ActiveCfg = Release|Win32
		{834C34D1-64D1-4912-A2D6-2ED4CD70F8C0}.Release|x86.Build.0 = Release|Win32
		{0FA007AB-1F39-4715-BB16-F637120FBDDC}.Debug|x64.ActiveCfg = Debug|x64
		{0FA007AB-1F39-4715-BB16-F637120FBDDC}.Debug|x64.Build.0 = Debug|x64
		{0FA007AB-1F39-4715-BB16-F637120FBDDC}.Debug|x86.ActiveCfg = Debug|Win32
		{0FA007AB-1F39-4715-BB16-F637120FBDDC}.Debug|x86.Build.0 = Debug|Win32
		{0FA007AB-1F39-4715-BB16-F637120FBDDC}.Release|x64.ActiveCfg = Release|x64
		{0FA007AB-1F39-4715-BB16-F637120FBDDC}.Release|x64.Build.0 = Release|x64
		{0FA007AB-1F39-4715-BB16-F637120FBDDC}.Release|x86.ActiveCfg = Release|Win32
		{0FA007AB-1F39-4715-BB16-F637120FBDDC}.Release|x86.Build.0 = Release|Win32
		{FCDA2372-66E9-4920-A451-0D18E19F3ABC}.Debug|x64.ActiveCfg = Debug|x64
		{FCDA2372-66E9-4920-A451-0D18E19F3ABC}.Debug|x64.Build.0 = Debug|x64
		{FCDA2372-66E9-4920-A451-0D18E19F3ABC}.Debug|x86.ActiveCfg = Debug|Win32
		{FCDA2372-66E9-4920-A451-0D18E19F3ABC}.Debug|x86.Build.0 = Debug|Win32
		{FCDA2372-66E9-4920-A451-0D18E19F3ABC}.Release|x64.ActiveCfg = Release|x64
		{FCDA2372-66E9-4920-A451-0D18E19F3ABC}.Release|x64.Build.0 = Release|x64
		{FCDA2372-66E9-4920-A451-0D18E19F3ABC}.Release|x86.ActiveCfg = Release|Win32
		{FCDA2372-66E9-4920-A451-0D18E19F3ABC}.Release|x86.Build.0 = Release|Win32
		{D93EC41C-73FE-4E9B-8667-5A75CDC79208}.Debug|x64.ActiveCfg = Debug|x64
		{D93EC41C-73FE-4E9B-8667-5A75CDC79208}.Debug|x64.Build.0 = Debug|x64
		{D93EC41C-73FE-4E9B-8667-5A75CDC79208}.Debug|x86.ActiveCfg = Debug|Win32
		{D93EC41C-73FE-4E9B-8667-5A75CDC79208}.Debug|x86.Build.0 = Debug|Win32
		{D93EC41C-73FE-4E9B-8667-5A75CDC79208}.Release|x64.ActiveCfg = Release|x64
		{D93EC41C-73FE-4E9B-8667-5A75CDC79208}.Release|x64.Build.0 = Release|x64
		{D93EC41C-73FE-4E9B-8667-5A75CDC79208}.Release|x86.ActiveCfg = Release|Win32
		{D93EC41C-73FE-4E9B-8667-5A75CDC79208}.Release|x86.Build.0 = Release|Win32
		{E96ED14E-5BE6-2BD8-8E16-9787177646CA}.Debug|x64.ActiveCfg = Debug|x64
		{E96ED14E-5BE6-2BD8-8E16-9787177646CA}.Debug|x64.Build.0 = Debug|x64
		{E96ED14E-5BE6-2BD8-8E16-9787177646CA}.Debug|x86.ActiveCfg = Debug|Win32
		{E96ED14E-5BE6-2BD8-8E16-9787177646CA}.Debug|x86.Build.0 = Debug|Win32
		{E96ED14E-5BE6-2BD8-8E16-9787177646CA}.Release|x64.ActiveCfg = Release|x64
		{E96ED14E-5BE6-2BD8-8E16-9787177646CA}.Release|x64.Build.0 = Release|x64
		{E96ED14E-5BE6-2BD8-8E16-9787177646CA}.Release|x86.ActiveCfg = Release|Win32
		{E96ED14E-5BE6-2BD8-8E16-9787177646CA}.Release|x86.Build.0 = Release|Win32
		{A3EA8ECB-366A-4648-AA2B-FA5E5880C6C0}.Debug|x64.ActiveCfg = Debug|x64
		{A3EA8ECB-366A-4648-AA2B-FA5E5880C6C0}.Debug|x64.Build.0 = Debug|x64
		{A3EA8ECB-366A-4648-AA2B-FA5E5880C6C0}.Debug|x86.ActiveCfg = Debug|Win32
		{A3EA8ECB-366A-4648-AA2B-FA5E5880C6C0}.Debug|x86.Build.0 = Debug|Win32
		{A3EA8ECB-366A-4648-AA2B-FA5E5880C6C0}.Release|x64.ActiveCfg = Release|x64
		{A3EA8ECB-366A-4648-AA2B-FA5E5880C6C0}.Release|x64.Build.0 = Release|x64
		{A3EA8ECB-366A-4648-AA2B-FA5E5880C6C0}.Release|x86.ActiveCfg = Release|Win32
		{A3EA8ECB-366A-4648-AA2B-FA5E5880C6C0}.Release|x86.Build.0 = Release|Win32
		{64DE7C5E-900A-4EDD-8899-78164F7334FA}.Debug|x64.ActiveCfg = Debug|x64
		{64DE7C5E-900A-4EDD-8899-78164F7334FA}.Debug|x64.Build.0 = Debug|x64
		{64DE7C5E-900A-4EDD-8899-78164F7334FA}.Debug|x86.ActiveCfg = Debug|Win32
		{64DE7C5E-900A-4EDD-8899-78164F7334FA}.Debug|x86.Build.0 = Debug|Win32
		{64DE7C5E-900A-4EDD-8899-78164F7334FA}.Release|x64.ActiveCfg = Release|x64
		{64DE7C5E-900A-4EDD-8899-78164F7334FA}.Release|x64.Build.0 = Release|x64
		{64DE7C5E-900A-4EDD-8899-78164F7334FA}.Release|x86.ActiveCfg = Release|Win32
		{64DE7C5E-900A-4EDD-8899-78164F7334FA}.Release|x86.Build.0 = Release|Win32
	EndGlobalSection
	GlobalSection(SolutionProperties) = preSolution
		HideSolutionNode = FALSE
	EndGlobalSection
	GlobalSection(ExtensibilityGlobals) = postSolution
		SolutionGuid = {4EDAE3FB-CF5A-4877-9846-D8475510E024}
	EndGlobalSection
EndGlobal
